
Microsoft Visual Studio Solution File, Format Version 12.00
# Visual Studio Version 16
VisualStudioVersion = 16.0.29306.81
MinimumVisualStudioVersion = 10.0.40219.1
Project("{FAE04EC0-301F-11D3-BF4B-00C04F79EFBC}") = "DataStructures", "DataStructures\DataStructures.csproj", "{58BD8E4A-2622-43B4-8B0A-42335EECC8E7}"
EndProject
Global
	GlobalSection(SolutionConfigurationPlatforms) = preSolution
		Debug|Any CPU = Debug|Any CPU
		Release|Any CPU = Release|Any CPU
	EndGlobalSection
	GlobalSection(ProjectConfigurationPlatforms) = postSolution
		{58BD8E4A-2622-43B4-8B0A-42335EECC8E7}.Debug|Any CPU.ActiveCfg = Debug|Any CPU
		{58BD8E4A-2622-43B4-8B0A-42335EECC8E7}.Debug|Any CPU.Build.0 = Debug|Any CPU
		{58BD8E4A-2622-43B4-8B0A-42335EECC8E7}.Release|Any CPU.ActiveCfg = Release|Any CPU
		{58BD8E4A-2622-43B4-8B0A-42335EECC8E7}.Release|Any CPU.Build.0 = Release|Any CPU
	EndGlobalSection
	GlobalSection(SolutionProperties) = preSolution
		HideSolutionNode = FALSE
	EndGlobalSection
	GlobalSection(ExtensibilityGlobals) = postSolution
		SolutionGuid = {896A4CBE-3728-4F48-91C5-60C102F0B04B}
	EndGlobalSection
EndGlobal
